# This file is automatically @generated by Cargo.
# It is not intended for manual editing.
[[package]]
name = "hasard"
version = "0.1.0"
source = "git+https://github.com/sameo/hasard#da2133026f79dd0db4cf0beec589a2f5307dc355"

[[package]]
name = "loterie"
version = "0.1.0"
dependencies = [
 "hasard",
]
