# This file is automatically @generated by Cargo.
# It is not intended for manual editing.
[[package]]
name = "hasard"
version = "0.1.0"
source = "git+https://github.com/sameo/hasard#84807dc59c2160b05aef7c80ac2e435dc51523fc"

[[package]]
name = "loterie"
version = "0.1.0"
dependencies = [
 "hasard",
]
